
Microsoft Visual Studio Solution File, Format Version 12.00
# Visual Studio 15
VisualStudioVersion = 15.0.27130.2036
MinimumVisualStudioVersion = 10.0.40219.1
Project("{9A19103F-16F7-4668-BE54-9A1E7A4F7556}") = "UniversityAPI", "UniversityAPI\UniversityAPI.csproj", "{D6725F30-7240-4300-8B45-53324C1BB4A5}"
EndProject
Project("{FAE04EC0-301F-11D3-BF4B-00C04F79EFBC}") = "UniwersityAPI.UnitTest", "UniwersityAPI.UnitTest\UniwersityAPI.UnitTest.csproj", "{519B3A08-E172-4B6F-A263-ED529DE47857}"
EndProject
Global
	GlobalSection(SolutionConfigurationPlatforms) = preSolution
		Debug|Any CPU = Debug|Any CPU
		Release|Any CPU = Release|Any CPU
	EndGlobalSection
	GlobalSection(ProjectConfigurationPlatforms) = postSolution
		{D6725F30-7240-4300-8B45-53324C1BB4A5}.Debug|Any CPU.ActiveCfg = Debug|Any CPU
		{D6725F30-7240-4300-8B45-53324C1BB4A5}.Debug|Any CPU.Build.0 = Debug|Any CPU
		{D6725F30-7240-4300-8B45-53324C1BB4A5}.Release|Any CPU.ActiveCfg = Release|Any CPU
		{D6725F30-7240-4300-8B45-53324C1BB4A5}.Release|Any CPU.Build.0 = Release|Any CPU
		{519B3A08-E172-4B6F-A263-ED529DE47857}.Debug|Any CPU.ActiveCfg = Debug|Any CPU
		{519B3A08-E172-4B6F-A263-ED529DE47857}.Debug|Any CPU.Build.0 = Debug|Any CPU
		{519B3A08-E172-4B6F-A263-ED529DE47857}.Release|Any CPU.ActiveCfg = Release|Any CPU
		{519B3A08-E172-4B6F-A263-ED529DE47857}.Release|Any CPU.Build.0 = Release|Any CPU
	EndGlobalSection
	GlobalSection(SolutionProperties) = preSolution
		HideSolutionNode = FALSE
	EndGlobalSection
	GlobalSection(ExtensibilityGlobals) = postSolution
		SolutionGuid = {971662A8-1DCE-4B12-9108-D25647A10266}
	EndGlobalSection
EndGlobal
